
Microsoft Visual Studio Solution File, Format Version 12.00
# Visual Studio Version 17
VisualStudioVersion = 17.4.33205.214
MinimumVisualStudioVersion = 10.0.40219.1
Project("{888888A0-9F3D-457C-B088-3A5042F75D52}") = "PythonNetflixStudy", "PythonNetflixStudy\PythonNetflixStudy.pyproj", "{7EBBB6AD-5BB8-4BED-8836-A0D30F7369AC}"
EndProject
Global
	GlobalSection(SolutionConfigurationPlatforms) = preSolution
		Debug|Any CPU = Debug|Any CPU
		Release|Any CPU = Release|Any CPU
	EndGlobalSection
	GlobalSection(ProjectConfigurationPlatforms) = postSolution
		{7EBBB6AD-5BB8-4BED-8836-A0D30F7369AC}.Debug|Any CPU.ActiveCfg = Debug|Any CPU
		{7EBBB6AD-5BB8-4BED-8836-A0D30F7369AC}.Release|Any CPU.ActiveCfg = Release|Any CPU
	EndGlobalSection
	GlobalSection(SolutionProperties) = preSolution
		HideSolutionNode = FALSE
	EndGlobalSection
	GlobalSection(ExtensibilityGlobals) = postSolution
		SolutionGuid = {BC70B53C-AEFA-461C-BFD8-3D2D370BEA29}
	EndGlobalSection
EndGlobal
